
Microsoft Visual Studio Solution File, Format Version 12.00
# Visual Studio 15
VisualStudioVersion = 15.0.27428.2037
MinimumVisualStudioVersion = 10.0.40219.1
Project("{FAE04EC0-301F-11D3-BF4B-00C04F79EFBC}") = "MandipLearning", "MandipLearning\MandipLearning.csproj", "{840FC523-B80F-460B-9EA6-D4C2BD561020}"
EndProject
Global
	GlobalSection(SolutionConfigurationPlatforms) = preSolution
		Debug|Any CPU = Debug|Any CPU
		Release|Any CPU = Release|Any CPU
	EndGlobalSection
	GlobalSection(ProjectConfigurationPlatforms) = postSolution
		{840FC523-B80F-460B-9EA6-D4C2BD561020}.Debug|Any CPU.ActiveCfg = Debug|Any CPU
		{840FC523-B80F-460B-9EA6-D4C2BD561020}.Debug|Any CPU.Build.0 = Debug|Any CPU
		{840FC523-B80F-460B-9EA6-D4C2BD561020}.Release|Any CPU.ActiveCfg = Release|Any CPU
		{840FC523-B80F-460B-9EA6-D4C2BD561020}.Release|Any CPU.Build.0 = Release|Any CPU
	EndGlobalSection
	GlobalSection(SolutionProperties) = preSolution
		HideSolutionNode = FALSE
	EndGlobalSection
	GlobalSection(ExtensibilityGlobals) = postSolution
		SolutionGuid = {7C78A0DA-8E76-4770-A9FC-ADE058C1F203}
	EndGlobalSection
EndGlobal
